
Microsoft Visual Studio Solution File, Format Version 12.00
# Visual Studio Version 17
VisualStudioVersion = 17.7.34031.279
MinimumVisualStudioVersion = 10.0.40219.1
Project("{9A19103F-16F7-4668-BE54-9A1E7A4F7556}") = "NerxeasWeb", "NerxeasWeb\NerxeasWeb.csproj", "{B605AE6A-6905-4069-8933-ABDFD73CEE29}"
EndProject
Project("{FAE04EC0-301F-11D3-BF4B-00C04F79EFBC}") = "Nerxeas.DataAccess", "Nerxeas.DataAccess\Nerxeas.DataAccess.csproj", "{9A652D52-7183-4E27-8790-05BC71D2FE19}"
EndProject
Project("{FAE04EC0-301F-11D3-BF4B-00C04F79EFBC}") = "Nerxeas.Models", "Nerxeas.Models\Nerxeas.Models.csproj", "{F9CA114F-7372-47DC-9147-A1A264AF8E2E}"
EndProject
Project("{FAE04EC0-301F-11D3-BF4B-00C04F79EFBC}") = "Nerxeas.Utility", "Nerxeas.Utility\Nerxeas.Utility.csproj", "{5BD90028-12CA-4A12-9FA7-519851ADE11A}"
EndProject
Global
	GlobalSection(SolutionConfigurationPlatforms) = preSolution
		Debug|Any CPU = Debug|Any CPU
		Release|Any CPU = Release|Any CPU
	EndGlobalSection
	GlobalSection(ProjectConfigurationPlatforms) = postSolution
		{B605AE6A-6905-4069-8933-ABDFD73CEE29}.Debug|Any CPU.ActiveCfg = Debug|Any CPU
		{B605AE6A-6905-4069-8933-ABDFD73CEE29}.Debug|Any CPU.Build.0 = Debug|Any CPU
		{B605AE6A-6905-4069-8933-ABDFD73CEE29}.Release|Any CPU.ActiveCfg = Release|Any CPU
		{B605AE6A-6905-4069-8933-ABDFD73CEE29}.Release|Any CPU.Build.0 = Release|Any CPU
		{9A652D52-7183-4E27-8790-05BC71D2FE19}.Debug|Any CPU.ActiveCfg = Debug|Any CPU
		{9A652D52-7183-4E27-8790-05BC71D2FE19}.Debug|Any CPU.Build.0 = Debug|Any CPU
		{9A652D52-7183-4E27-8790-05BC71D2FE19}.Release|Any CPU.ActiveCfg = Release|Any CPU
		{9A652D52-7183-4E27-8790-05BC71D2FE19}.Release|Any CPU.Build.0 = Release|Any CPU
		{F9CA114F-7372-47DC-9147-A1A264AF8E2E}.Debug|Any CPU.ActiveCfg = Debug|Any CPU
		{F9CA114F-7372-47DC-9147-A1A264AF8E2E}.Debug|Any CPU.Build.0 = Debug|Any CPU
		{F9CA114F-7372-47DC-9147-A1A264AF8E2E}.Release|Any CPU.ActiveCfg = Release|Any CPU
		{F9CA114F-7372-47DC-9147-A1A264AF8E2E}.Release|Any CPU.Build.0 = Release|Any CPU
		{5BD90028-12CA-4A12-9FA7-519851ADE11A}.Debug|Any CPU.ActiveCfg = Debug|Any CPU
		{5BD90028-12CA-4A12-9FA7-519851ADE11A}.Debug|Any CPU.Build.0 = Debug|Any CPU
		{5BD90028-12CA-4A12-9FA7-519851ADE11A}.Release|Any CPU.ActiveCfg = Release|Any CPU
		{5BD90028-12CA-4A12-9FA7-519851ADE11A}.Release|Any CPU.Build.0 = Release|Any CPU
	EndGlobalSection
	GlobalSection(SolutionProperties) = preSolution
		HideSolutionNode = FALSE
	EndGlobalSection
	GlobalSection(ExtensibilityGlobals) = postSolution
		SolutionGuid = {93334587-E3BF-4D58-94AE-3B0B6BB6F726}
	EndGlobalSection
EndGlobal
